
Microsoft Visual Studio Solution File, Format Version 12.00
# Visual Studio Version 17
VisualStudioVersion = 17.9.34723.18
MinimumVisualStudioVersion = 10.0.40219.1
Project("{FAE04EC0-301F-11D3-BF4B-00C04F79EFBC}") = "GenericClass", "GenericClass\GenericClass.csproj", "{2BAD30A5-67C7-46C6-9684-43194EBDA9A9}"
EndProject
Global
	GlobalSection(SolutionConfigurationPlatforms) = preSolution
		Debug|Any CPU = Debug|Any CPU
		Release|Any CPU = Release|Any CPU
	EndGlobalSection
	GlobalSection(ProjectConfigurationPlatforms) = postSolution
		{2BAD30A5-67C7-46C6-9684-43194EBDA9A9}.Debug|Any CPU.ActiveCfg = Debug|Any CPU
		{2BAD30A5-67C7-46C6-9684-43194EBDA9A9}.Debug|Any CPU.Build.0 = Debug|Any CPU
		{2BAD30A5-67C7-46C6-9684-43194EBDA9A9}.Release|Any CPU.ActiveCfg = Release|Any CPU
		{2BAD30A5-67C7-46C6-9684-43194EBDA9A9}.Release|Any CPU.Build.0 = Release|Any CPU
	EndGlobalSection
	GlobalSection(SolutionProperties) = preSolution
		HideSolutionNode = FALSE
	EndGlobalSection
	GlobalSection(ExtensibilityGlobals) = postSolution
		SolutionGuid = {645BB4D3-E3DE-4DA1-BD85-769A09E6B829}
	EndGlobalSection
EndGlobal
